// !$*UTF8*$!
{
	archiveVersion = 1;
	classes = {
	};
	objectVersion = 48;
	objects = {

/* Begin PBXBuildFile section */
		0F11F3BD341B5ADE3EF8C306 /* Pods_sbhacks.framework in Frameworks */ = {isa = PBXBuildFile; fileRef = AA72F70AA5F3B5183C89392B /* Pods_sbhacks.framework */; };
		7577756220140372003A1419 /* DisplayTextViewController.swift in Sources */ = {isa = PBXBuildFile; fileRef = 7577756120140372003A1419 /* DisplayTextViewController.swift */; };
		757775642014037B003A1419 /* DisplayImageViewController.swift in Sources */ = {isa = PBXBuildFile; fileRef = 757775632014037B003A1419 /* DisplayImageViewController.swift */; };
		75FEFF842013514500DE97A2 /* AppDelegate.swift in Sources */ = {isa = PBXBuildFile; fileRef = 75FEFF832013514500DE97A2 /* AppDelegate.swift */; };
		75FEFF862013514500DE97A2 /* HomeViewController.swift in Sources */ = {isa = PBXBuildFile; fileRef = 75FEFF852013514500DE97A2 /* HomeViewController.swift */; };
		75FEFF892013514500DE97A2 /* Main.storyboard in Resources */ = {isa = PBXBuildFile; fileRef = 75FEFF872013514500DE97A2 /* Main.storyboard */; };
		75FEFF8B2013514500DE97A2 /* Assets.xcassets in Resources */ = {isa = PBXBuildFile; fileRef = 75FEFF8A2013514500DE97A2 /* Assets.xcassets */; };
		75FEFF8E2013514500DE97A2 /* LaunchScreen.storyboard in Resources */ = {isa = PBXBuildFile; fileRef = 75FEFF8C2013514500DE97A2 /* LaunchScreen.storyboard */; };
		75FEFF96201354A700DE97A2 /* GoogleService-Info.plist in Resources */ = {isa = PBXBuildFile; fileRef = 75FEFF95201354A700DE97A2 /* GoogleService-Info.plist */; };
/* End PBXBuildFile section */

/* Begin PBXFileReference section */
		41682FED37AA9747E7494245 /* Pods-sbhacks.debug.xcconfig */ = {isa = PBXFileReference; includeInIndex = 1; lastKnownFileType = text.xcconfig; name = "Pods-sbhacks.debug.xcconfig"; path = "Pods/Target Support Files/Pods-sbhacks/Pods-sbhacks.debug.xcconfig"; sourceTree = "<group>"; };
		7577756120140372003A1419 /* DisplayTextViewController.swift */ = {isa = PBXFileReference; lastKnownFileType = sourcecode.swift; path = DisplayTextViewController.swift; sourceTree = "<group>"; };
		757775632014037B003A1419 /* DisplayImageViewController.swift */ = {isa = PBXFileReference; lastKnownFileType = sourcecode.swift; path = DisplayImageViewController.swift; sourceTree = "<group>"; };
		75FEFF802013514500DE97A2 /* sbhacks.app */ = {isa = PBXFileReference; explicitFileType = wrapper.application; includeInIndex = 0; path = sbhacks.app; sourceTree = BUILT_PRODUCTS_DIR; };
		75FEFF832013514500DE97A2 /* AppDelegate.swift */ = {isa = PBXFileReference; lastKnownFileType = sourcecode.swift; path = AppDelegate.swift; sourceTree = "<group>"; };
		75FEFF852013514500DE97A2 /* HomeViewController.swift */ = {isa = PBXFileReference; lastKnownFileType = sourcecode.swift; path = HomeViewController.swift; sourceTree = "<group>"; };
		75FEFF882013514500DE97A2 /* Base */ = {isa = PBXFileReference; lastKnownFileType = file.storyboard; name = Base; path = Base.lproj/Main.storyboard; sourceTree = "<group>"; };
		75FEFF8A2013514500DE97A2 /* Assets.xcassets */ = {isa = PBXFileReference; lastKnownFileType = folder.assetcatalog; path = Assets.xcassets; sourceTree = "<group>"; };
		75FEFF8D2013514500DE97A2 /* Base */ = {isa = PBXFileReference; lastKnownFileType = file.storyboard; name = Base; path = Base.lproj/LaunchScreen.storyboard; sourceTree = "<group>"; };
		75FEFF8F2013514500DE97A2 /* Info.plist */ = {isa = PBXFileReference; lastKnownFileType = text.plist.xml; path = Info.plist; sourceTree = "<group>"; };
		75FEFF95201354A700DE97A2 /* GoogleService-Info.plist */ = {isa = PBXFileReference; fileEncoding = 4; lastKnownFileType = text.plist.xml; path = "GoogleService-Info.plist"; sourceTree = "<group>"; };
		AA72F70AA5F3B5183C89392B /* Pods_sbhacks.framework */ = {isa = PBXFileReference; explicitFileType = wrapper.framework; includeInIndex = 0; path = Pods_sbhacks.framework; sourceTree = BUILT_PRODUCTS_DIR; };
		EE97F6080AE013718391C725 /* Pods-sbhacks.release.xcconfig */ = {isa = PBXFileReference; includeInIndex = 1; lastKnownFileType = text.xcconfig; name = "Pods-sbhacks.release.xcconfig"; path = "Pods/Target Support Files/Pods-sbhacks/Pods-sbhacks.release.xcconfig"; sourceTree = "<group>"; };
/* End PBXFileReference section */

/* Begin PBXFrameworksBuildPhase section */
		75FEFF7D2013514500DE97A2 /* Frameworks */ = {
			isa = PBXFrameworksBuildPhase;
			buildActionMask = 2147483647;
			files = (
				0F11F3BD341B5ADE3EF8C306 /* Pods_sbhacks.framework in Frameworks */,
			);
			runOnlyForDeploymentPostprocessing = 0;
		};
/* End PBXFrameworksBuildPhase section */

/* Begin PBXGroup section */
		3B416DE236B2A308F9FA69E5 /* Pods */ = {
			isa = PBXGroup;
			children = (
				41682FED37AA9747E7494245 /* Pods-sbhacks.debug.xcconfig */,
				EE97F6080AE013718391C725 /* Pods-sbhacks.release.xcconfig */,
			);
			name = Pods;
			sourceTree = "<group>";
		};
		49D7BA66B25B505491C9E642 /* Frameworks */ = {
			isa = PBXGroup;
			children = (
				AA72F70AA5F3B5183C89392B /* Pods_sbhacks.framework */,
			);
			name = Frameworks;
			sourceTree = "<group>";
		};
		75FEFF772013514500DE97A2 = {
			isa = PBXGroup;
			children = (
				75FEFF822013514500DE97A2 /* sbhacks */,
				75FEFF812013514500DE97A2 /* Products */,
				3B416DE236B2A308F9FA69E5 /* Pods */,
				49D7BA66B25B505491C9E642 /* Frameworks */,
			);
			sourceTree = "<group>";
		};
		75FEFF812013514500DE97A2 /* Products */ = {
			isa = PBXGroup;
			children = (
				75FEFF802013514500DE97A2 /* sbhacks.app */,
			);
			name = Products;
			sourceTree = "<group>";
		};
		75FEFF822013514500DE97A2 /* sbhacks */ = {
			isa = PBXGroup;
			children = (
				75FEFF832013514500DE97A2 /* AppDelegate.swift */,
				75FEFF852013514500DE97A2 /* HomeViewController.swift */,
				7577756120140372003A1419 /* DisplayTextViewController.swift */,
				757775632014037B003A1419 /* DisplayImageViewController.swift */,
				75FEFF872013514500DE97A2 /* Main.storyboard */,
				75FEFF8A2013514500DE97A2 /* Assets.xcassets */,
				75FEFF8C2013514500DE97A2 /* LaunchScreen.storyboard */,
				75FEFF95201354A700DE97A2 /* GoogleService-Info.plist */,
				75FEFF8F2013514500DE97A2 /* Info.plist */,
			);
			path = sbhacks;
			sourceTree = "<group>";
		};
/* End PBXGroup section */

/* Begin PBXNativeTarget section */
		75FEFF7F2013514500DE97A2 /* sbhacks */ = {
			isa = PBXNativeTarget;
			buildConfigurationList = 75FEFF922013514600DE97A2 /* Build configuration list for PBXNativeTarget "sbhacks" */;
			buildPhases = (
				D85082FFF6EEF543EC398402 /* [CP] Check Pods Manifest.lock */,
				75FEFF7C2013514500DE97A2 /* Sources */,
				75FEFF7D2013514500DE97A2 /* Frameworks */,
				75FEFF7E2013514500DE97A2 /* Resources */,
				C553C195303643F39F1A48F0 /* [CP] Embed Pods Frameworks */,
				732B5498345D67FCF31A410A /* [CP] Copy Pods Resources */,
			);
			buildRules = (
			);
			dependencies = (
			);
			name = sbhacks;
			productName = sbhacks;
			productReference = 75FEFF802013514500DE97A2 /* sbhacks.app */;
			productType = "com.apple.product-type.application";
		};
/* End PBXNativeTarget section */

/* Begin PBXProject section */
		75FEFF782013514500DE97A2 /* Project object */ = {
			isa = PBXProject;
			attributes = {
				LastSwiftUpdateCheck = 0920;
				LastUpgradeCheck = 0920;
				ORGANIZATIONNAME = "Olivia Brown";
				TargetAttributes = {
					75FEFF7F2013514500DE97A2 = {
						CreatedOnToolsVersion = 9.2;
						ProvisioningStyle = Automatic;
						SystemCapabilities = {
							com.apple.HealthKit = {
								enabled = 0;
							};
						};
					};
				};
			};
			buildConfigurationList = 75FEFF7B2013514500DE97A2 /* Build configuration list for PBXProject "sbhacks" */;
			compatibilityVersion = "Xcode 8.0";
			developmentRegion = en;
			hasScannedForEncodings = 0;
			knownRegions = (
				en,
				Base,
			);
			mainGroup = 75FEFF772013514500DE97A2;
			productRefGroup = 75FEFF812013514500DE97A2 /* Products */;
			projectDirPath = "";
			projectRoot = "";
			targets = (
				75FEFF7F2013514500DE97A2 /* sbhacks */,
			);
		};
/* End PBXProject section */

/* Begin PBXResourcesBuildPhase section */
		75FEFF7E2013514500DE97A2 /* Resources */ = {
			isa = PBXResourcesBuildPhase;
			buildActionMask = 2147483647;
			files = (
				75FEFF8E2013514500DE97A2 /* LaunchScreen.storyboard in Resources */,
				75FEFF96201354A700DE97A2 /* GoogleService-Info.plist in Resources */,
				75FEFF8B2013514500DE97A2 /* Assets.xcassets in Resources */,
				75FEFF892013514500DE97A2 /* Main.storyboard in Resources */,
			);
			runOnlyForDeploymentPostprocessing = 0;
		};
/* End PBXResourcesBuildPhase section */

/* Begin PBXShellScriptBuildPhase section */
		732B5498345D67FCF31A410A /* [CP] Copy Pods Resources */ = {
			isa = PBXShellScriptBuildPhase;
			buildActionMask = 2147483647;
			files = (
			);
			inputPaths = (
			);
			name = "[CP] Copy Pods Resources";
			outputPaths = (
			);
			runOnlyForDeploymentPostprocessing = 0;
			shellPath = /bin/sh;
			shellScript = "\"${SRCROOT}/Pods/Target Support Files/Pods-sbhacks/Pods-sbhacks-resources.sh\"\n";
			showEnvVarsInLog = 0;
		};
		C553C195303643F39F1A48F0 /* [CP] Embed Pods Frameworks */ = {
			isa = PBXShellScriptBuildPhase;
			buildActionMask = 2147483647;
			files = (
			);
			inputPaths = (
				"${SRCROOT}/Pods/Target Support Files/Pods-sbhacks/Pods-sbhacks-frameworks.sh",
				"${BUILT_PRODUCTS_DIR}/GTMSessionFetcher/GTMSessionFetcher.framework",
				"${BUILT_PRODUCTS_DIR}/GoogleToolboxForMac/GoogleToolboxForMac.framework",
				"${BUILT_PRODUCTS_DIR}/leveldb-library/leveldb.framework",
				"${BUILT_PRODUCTS_DIR}/nanopb/nanopb.framework",
			);
			name = "[CP] Embed Pods Frameworks";
			outputPaths = (
				"${TARGET_BUILD_DIR}/${FRAMEWORKS_FOLDER_PATH}/GTMSessionFetcher.framework",
				"${TARGET_BUILD_DIR}/${FRAMEWORKS_FOLDER_PATH}/GoogleToolboxForMac.framework",
				"${TARGET_BUILD_DIR}/${FRAMEWORKS_FOLDER_PATH}/leveldb.framework",
				"${TARGET_BUILD_DIR}/${FRAMEWORKS_FOLDER_PATH}/nanopb.framework",
			);
			runOnlyForDeploymentPostprocessing = 0;
			shellPath = /bin/sh;
			shellScript = "\"${SRCROOT}/Pods/Target Support Files/Pods-sbhacks/Pods-sbhacks-frameworks.sh\"\n";
			showEnvVarsInLog = 0;
		};
		D85082FFF6EEF543EC398402 /* [CP] Check Pods Manifest.lock */ = {
			isa = PBXShellScriptBuildPhase;
			buildActionMask = 2147483647;
			files = (
			);
			inputPaths = (
				"${PODS_PODFILE_DIR_PATH}/Podfile.lock",
				"${PODS_ROOT}/Manifest.lock",
			);
			name = "[CP] Check Pods Manifest.lock";
			outputPaths = (
				"$(DERIVED_FILE_DIR)/Pods-sbhacks-checkManifestLockResult.txt",
			);
			runOnlyForDeploymentPostprocessing = 0;
			shellPath = /bin/sh;
			shellScript = "diff \"${PODS_PODFILE_DIR_PATH}/Podfile.lock\" \"${PODS_ROOT}/Manifest.lock\" > /dev/null\nif [ $? != 0 ] ; then\n    # print error to STDERR\n    echo \"error: The sandbox is not in sync with the Podfile.lock. Run 'pod install' or update your CocoaPods installation.\" >&2\n    exit 1\nfi\n# This output is used by Xcode 'outputs' to avoid re-running this script phase.\necho \"SUCCESS\" > \"${SCRIPT_OUTPUT_FILE_0}\"\n";
			showEnvVarsInLog = 0;
		};
/* End PBXShellScriptBuildPhase section */

/* Begin PBXSourcesBuildPhase section */
		75FEFF7C2013514500DE97A2 /* Sources */ = {
			isa = PBXSourcesBuildPhase;
			buildActionMask = 2147483647;
			files = (
				75FEFF862013514500DE97A2 /* HomeViewController.swift in Sources */,
				75FEFF842013514500DE97A2 /* AppDelegate.swift in Sources */,
				757775642014037B003A1419 /* DisplayImageViewController.swift in Sources */,
				7577756220140372003A1419 /* DisplayTextViewController.swift in Sources */,
			);
			runOnlyForDeploymentPostprocessing = 0;
		};
/* End PBXSourcesBuildPhase section */

/* Begin PBXVariantGroup section */
		75FEFF872013514500DE97A2 /* Main.storyboard */ = {
			isa = PBXVariantGroup;
			children = (
				75FEFF882013514500DE97A2 /* Base */,
			);
			name = Main.storyboard;
			sourceTree = "<group>";
		};
		75FEFF8C2013514500DE97A2 /* LaunchScreen.storyboard */ = {
			isa = PBXVariantGroup;
			children = (
				75FEFF8D2013514500DE97A2 /* Base */,
			);
			name = LaunchScreen.storyboard;
			sourceTree = "<group>";
		};
/* End PBXVariantGroup section */

/* Begin XCBuildConfiguration section */
		75FEFF902013514600DE97A2 /* Debug */ = {
			isa = XCBuildConfiguration;
			buildSettings = {
				ALWAYS_SEARCH_USER_PATHS = NO;
				CLANG_ANALYZER_NONNULL = YES;
				CLANG_ANALYZER_NUMBER_OBJECT_CONVERSION = YES_AGGRESSIVE;
				CLANG_CXX_LANGUAGE_STANDARD = "gnu++14";
				CLANG_CXX_LIBRARY = "libc++";
				CLANG_ENABLE_MODULES = YES;
				CLANG_ENABLE_OBJC_ARC = YES;
				CLANG_WARN_BLOCK_CAPTURE_AUTORELEASING = YES;
				CLANG_WARN_BOOL_CONVERSION = YES;
				CLANG_WARN_COMMA = YES;
				CLANG_WARN_CONSTANT_CONVERSION = YES;
				CLANG_WARN_DIRECT_OBJC_ISA_USAGE = YES_ERROR;
				CLANG_WARN_DOCUMENTATION_COMMENTS = YES;
				CLANG_WARN_EMPTY_BODY = YES;
				CLANG_WARN_ENUM_CONVERSION = YES;
				CLANG_WARN_INFINITE_RECURSION = YES;
				CLANG_WARN_INT_CONVERSION = YES;
				CLANG_WARN_NON_LITERAL_NULL_CONVERSION = YES;
				CLANG_WARN_OBJC_LITERAL_CONVERSION = YES;
				CLANG_WARN_OBJC_ROOT_CLASS = YES_ERROR;
				CLANG_WARN_RANGE_LOOP_ANALYSIS = YES;
				CLANG_WARN_STRICT_PROTOTYPES = YES;
				CLANG_WARN_SUSPICIOUS_MOVE = YES;
				CLANG_WARN_UNGUARDED_AVAILABILITY = YES_AGGRESSIVE;
				CLANG_WARN_UNREACHABLE_CODE = YES;
				CLANG_WARN__DUPLICATE_METHOD_MATCH = YES;
				CODE_SIGN_IDENTITY = "iPhone Developer";
				COPY_PHASE_STRIP = NO;
				DEBUG_INFORMATION_FORMAT = dwarf;
				ENABLE_STRICT_OBJC_MSGSEND = YES;
				ENABLE_TESTABILITY = YES;
				GCC_C_LANGUAGE_STANDARD = gnu11;
				GCC_DYNAMIC_NO_PIC = NO;
				GCC_NO_COMMON_BLOCKS = YES;
				GCC_OPTIMIZATION_LEVEL = 0;
				GCC_PREPROCESSOR_DEFINITIONS = (
					"DEBUG=1",
					"$(inherited)",
				);
				GCC_WARN_64_TO_32_BIT_CONVERSION = YES;
				GCC_WARN_ABOUT_RETURN_TYPE = YES_ERROR;
				GCC_WARN_UNDECLARED_SELECTOR = YES;
				GCC_WARN_UNINITIALIZED_AUTOS = YES_AGGRESSIVE;
				GCC_WARN_UNUSED_FUNCTION = YES;
				GCC_WARN_UNUSED_VARIABLE = YES;
				IPHONEOS_DEPLOYMENT_TARGET = 11.2;
				MTL_ENABLE_DEBUG_INFO = YES;
				ONLY_ACTIVE_ARCH = YES;
				SDKROOT = iphoneos;
				SWIFT_ACTIVE_COMPILATION_CONDITIONS = DEBUG;
				SWIFT_OPTIMIZATION_LEVEL = "-Onone";
			};
			name = Debug;
		};
		75FEFF912013514600DE97A2 /* Release */ = {
			isa = XCBuildConfiguration;
			buildSettings = {
				ALWAYS_SEARCH_USER_PATHS = NO;
				CLANG_ANALYZER_NONNULL = YES;
				CLANG_ANALYZER_NUMBER_OBJECT_CONVERSION = YES_AGGRESSIVE;
				CLANG_CXX_LANGUAGE_STANDARD = "gnu++14";
				CLANG_CXX_LIBRARY = "libc++";
				CLANG_ENABLE_MODULES = YES;
				CLANG_ENABLE_OBJC_ARC = YES;
				CLANG_WARN_BLOCK_CAPTURE_AUTORELEASING = YES;
				CLANG_WARN_BOOL_CONVERSION = YES;
				CLANG_WARN_COMMA = YES;
				CLANG_WARN_CONSTANT_CONVERSION = YES;
				CLANG_WARN_DIRECT_OBJC_ISA_USAGE = YES_ERROR;
				CLANG_WARN_DOCUMENTATION_COMMENTS = YES;
				CLANG_WARN_EMPTY_BODY = YES;
				CLANG_WARN_ENUM_CONVERSION = YES;
				CLANG_WARN_INFINITE_RECURSION = YES;
				CLANG_WARN_INT_CONVERSION = YES;
				CLANG_WARN_NON_LITERAL_NULL_CONVERSION = YES;
				CLANG_WARN_OBJC_LITERAL_CONVERSION = YES;
				CLANG_WARN_OBJC_ROOT_CLASS = YES_ERROR;
				CLANG_WARN_RANGE_LOOP_ANALYSIS = YES;
				CLANG_WARN_STRICT_PROTOTYPES = YES;
				CLANG_WARN_SUSPICIOUS_MOVE = YES;
				CLANG_WARN_UNGUARDED_AVAILABILITY = YES_AGGRESSIVE;
				CLANG_WARN_UNREACHABLE_CODE = YES;
				CLANG_WARN__DUPLICATE_METHOD_MATCH = YES;
				CODE_SIGN_IDENTITY = "iPhone Developer";
				COPY_PHASE_STRIP = NO;
				DEBUG_INFORMATION_FORMAT = "dwarf-with-dsym";
				ENABLE_NS_ASSERTIONS = NO;
				ENABLE_STRICT_OBJC_MSGSEND = YES;
				GCC_C_LANGUAGE_STANDARD = gnu11;
				GCC_NO_COMMON_BLOCKS = YES;
				GCC_WARN_64_TO_32_BIT_CONVERSION = YES;
				GCC_WARN_ABOUT_RETURN_TYPE = YES_ERROR;
				GCC_WARN_UNDECLARED_SELECTOR = YES;
				GCC_WARN_UNINITIALIZED_AUTOS = YES_AGGRESSIVE;
				GCC_WARN_UNUSED_FUNCTION = YES;
				GCC_WARN_UNUSED_VARIABLE = YES;
				IPHONEOS_DEPLOYMENT_TARGET = 11.2;
				MTL_ENABLE_DEBUG_INFO = NO;
				SDKROOT = iphoneos;
				SWIFT_OPTIMIZATION_LEVEL = "-Owholemodule";
				VALIDATE_PRODUCT = YES;
			};
			name = Release;
		};
		75FEFF932013514600DE97A2 /* Debug */ = {
			isa = XCBuildConfiguration;
			baseConfigurationReference = 41682FED37AA9747E7494245 /* Pods-sbhacks.debug.xcconfig */;
			buildSettings = {
				ASSETCATALOG_COMPILER_APPICON_NAME = AppIcon;
				CODE_SIGN_STYLE = Automatic;
				DEVELOPMENT_TEAM = 8GEKYYW3CQ;
				INFOPLIST_FILE = sbhacks/Info.plist;
				LD_RUNPATH_SEARCH_PATHS = "$(inherited) @executable_path/Frameworks";
				PRODUCT_BUNDLE_IDENTIFIER = com.okitsolivia.sbhacks;
				PRODUCT_NAME = "$(TARGET_NAME)";
				SWIFT_VERSION = 4.0;
				TARGETED_DEVICE_FAMILY = "1,2";
			};
			name = Debug;
		};
		75FEFF942013514600DE97A2 /* Release */ = {
			isa = XCBuildConfiguration;
			baseConfigurationReference = EE97F6080AE013718391C725 /* Pods-sbhacks.release.xcconfig */;
			buildSettings = {
				ASSETCATALOG_COMPILER_APPICON_NAME = AppIcon;
				CODE_SIGN_STYLE = Automatic;
				DEVELOPMENT_TEAM = 8GEKYYW3CQ;
				INFOPLIST_FILE = sbhacks/Info.plist;
				LD_RUNPATH_SEARCH_PATHS = "$(inherited) @executable_path/Frameworks";
				PRODUCT_BUNDLE_IDENTIFIER = com.okitsolivia.sbhacks;
				PRODUCT_NAME = "$(TARGET_NAME)";
				SWIFT_VERSION = 4.0;
				TARGETED_DEVICE_FAMILY = "1,2";
			};
			name = Release;
		};
/* End XCBuildConfiguration section */

/* Begin XCConfigurationList section */
		75FEFF7B2013514500DE97A2 /* Build configuration list for PBXProject "sbhacks" */ = {
			isa = XCConfigurationList;
			buildConfigurations = (
				75FEFF902013514600DE97A2 /* Debug */,
				75FEFF912013514600DE97A2 /* Release */,
			);
			defaultConfigurationIsVisible = 0;
			defaultConfigurationName = Release;
		};
		75FEFF922013514600DE97A2 /* Build configuration list for PBXNativeTarget "sbhacks" */ = {
			isa = XCConfigurationList;
			buildConfigurations = (
				75FEFF932013514600DE97A2 /* Debug */,
				75FEFF942013514600DE97A2 /* Release */,
			);
			defaultConfigurationIsVisible = 0;
			defaultConfigurationName = Release;
		};
/* End XCConfigurationList section */
	};
	rootObject = 75FEFF782013514500DE97A2 /* Project object */;
}
